
Microsoft Visual Studio Solution File, Format Version 12.00
# Visual Studio 15
VisualStudioVersion = 15.0.27703.2000
MinimumVisualStudioVersion = 10.0.40219.1
Project("{FAE04EC0-301F-11D3-BF4B-00C04F79EFBC}") = "ApplesOrdering", "ApplesOrdering\ApplesOrdering.csproj", "{39FFC0A7-C724-4CA6-9C91-CD0754C76769}"
EndProject
Global
	GlobalSection(SolutionConfigurationPlatforms) = preSolution
		Debug|Any CPU = Debug|Any CPU
		Release|Any CPU = Release|Any CPU
	EndGlobalSection
	GlobalSection(ProjectConfigurationPlatforms) = postSolution
		{39FFC0A7-C724-4CA6-9C91-CD0754C76769}.Debug|Any CPU.ActiveCfg = Debug|Any CPU
		{39FFC0A7-C724-4CA6-9C91-CD0754C76769}.Debug|Any CPU.Build.0 = Debug|Any CPU
		{39FFC0A7-C724-4CA6-9C91-CD0754C76769}.Release|Any CPU.ActiveCfg = Release|Any CPU
		{39FFC0A7-C724-4CA6-9C91-CD0754C76769}.Release|Any CPU.Build.0 = Release|Any CPU
	EndGlobalSection
	GlobalSection(SolutionProperties) = preSolution
		HideSolutionNode = FALSE
	EndGlobalSection
	GlobalSection(ExtensibilityGlobals) = postSolution
		SolutionGuid = {F656BB35-A190-4461-9045-B63DFF4D2E0E}
	EndGlobalSection
EndGlobal
